<?xml version="1.0" encoding="utf-8"?>
<Project ToolsVersion="4.0" xmlns="http://schemas.microsoft.com/developer/msbuild/2003">
  <ItemGroup>
    <Filter Include="Classes">
      <UniqueIdentifier>{fc5cb953-2953-4968-83b3-39e3ff951754}</UniqueIdentifier>
    </Filter>
    <Filter Include="win32">
      <UniqueIdentifier>{037a9a02-b906-4cc5-ad98-304acd4e25ee}</UniqueIdentifier>
    </Filter>
    <Filter Include="resource">
      <UniqueIdentifier>{2d1d0979-58cd-4ab6-b91c-13650158f1fa}</UniqueIdentifier>
    </Filter>
    <Filter Include="Classes\AI">
      <UniqueIdentifier>{29fc73ab-0260-4c1a-89a2-d0a14c79cede}</UniqueIdentifier>
    </Filter>
    <Filter Include="Classes\tmxParser">
      <UniqueIdentifier>{f9a72e0f-fd14-441c-b207-d89945f1c61b}</UniqueIdentifier>
    </Filter>
    <Filter Include="Classes\tmxParser\base64">
      <UniqueIdentifier>{d85217eb-d05a-48ed-bced-180ed4a3c3ea}</UniqueIdentifier>
    </Filter>
    <Filter Include="Classes\tmxParser\tinyxml">
      <UniqueIdentifier>{a0ef4327-d4d4-4b77-b5c9-e9b621b5cd24}</UniqueIdentifier>
    </Filter>
    <Filter Include="Classes\tmxParser\zlib">
      <UniqueIdentifier>{f6cc286d-0c2c-4c4f-988e-9c1b4cce3968}</UniqueIdentifier>
    </Filter>
    <Filter Include="Classes\Editor">
      <UniqueIdentifier>{ad4a167b-b258-46e3-8915-cea874571874}</UniqueIdentifier>
    </Filter>
    <Filter Include="Classes\Editor\UI">
      <UniqueIdentifier>{a3d30c4e-8ad0-476a-a8ac-ee7445e1200d}</UniqueIdentifier>
    </Filter>
    <Filter Include="Classes\scene">
      <UniqueIdentifier>{d4044f49-1c1e-48e1-950b-2024b7a85f39}</UniqueIdentifier>
    </Filter>
    <Filter Include="Classes\constant">
      <UniqueIdentifier>{1ef50615-5732-461c-9ffd-6091d59d8f7a}</UniqueIdentifier>
    </Filter>
    <Filter Include="Classes\unit">
      <UniqueIdentifier>{4fd1a2e5-c853-487d-bdad-7bde5ca05a7a}</UniqueIdentifier>
    </Filter>
    <Filter Include="Classes\manager">
      <UniqueIdentifier>{8e811684-e620-46bf-a437-9b3cddba3e84}</UniqueIdentifier>
    </Filter>
    <Filter Include="Classes\behavior">
      <UniqueIdentifier>{11537df9-e75e-480a-ac10-76026cac478b}</UniqueIdentifier>
    </Filter>
    <Filter Include="Classes\data">
      <UniqueIdentifier>{ddd16593-c15b-4f5c-8afa-4f0e31593af5}</UniqueIdentifier>
    </Filter>
    <Filter Include="Classes\interface">
      <UniqueIdentifier>{b30c1743-3a3d-417e-860f-0429b74ab818}</UniqueIdentifier>
    </Filter>
    <Filter Include="Classes\logic">
      <UniqueIdentifier>{bd8a73f2-f2b5-4eff-8960-049b1167e00f}</UniqueIdentifier>
    </Filter>
    <Filter Include="Classes\util">
      <UniqueIdentifier>{ffa534f3-591b-43d4-810a-050bdbb77e85}</UniqueIdentifier>
    </Filter>
    <Filter Include="Classes\unit\skill">
      <UniqueIdentifier>{14378621-e216-4d3b-bb81-c484b096010a}</UniqueIdentifier>
    </Filter>
    <Filter Include="Classes\ini">
      <UniqueIdentifier>{c0d5876c-d2e8-4e34-90b6-f7b0284c9933}</UniqueIdentifier>
    </Filter>
  </ItemGroup>
  <ItemGroup>
    <ClInclude Include="..\Classes\AppDelegate.h">
      <Filter>Classes</Filter>
    </ClInclude>
    <ClInclude Include="main.h">
      <Filter>win32</Filter>
    </ClInclude>
    <ClInclude Include="..\Classes\ArmatureManager.h">
      <Filter>Classes</Filter>
    </ClInclude>
    <ClInclude Include="..\Classes\Utils.h">
      <Filter>Classes</Filter>
    </ClInclude>
    <ClInclude Include="..\Classes\AI\BoidsPolygon.h">
      <Filter>Classes\AI</Filter>
    </ClInclude>
    <ClInclude Include="..\Classes\AI\Terrain.h">
      <Filter>Classes\AI</Filter>
    </ClInclude>
    <ClInclude Include="..\Classes\Singleton.h">
      <Filter>Classes</Filter>
    </ClInclude>
    <ClInclude Include="..\Classes\TmxParser\TmxPoint.h">
      <Filter>Classes\tmxParser</Filter>
    </ClInclude>
    <ClInclude Include="..\Classes\TmxParser\TmxPolygon.h">
      <Filter>Classes\tmxParser</Filter>
    </ClInclude>
    <ClInclude Include="..\Classes\TmxParser\TmxPolyline.h">
      <Filter>Classes\tmxParser</Filter>
    </ClInclude>
    <ClInclude Include="..\Classes\TmxParser\TmxPropertySet.h">
      <Filter>Classes\tmxParser</Filter>
    </ClInclude>
    <ClInclude Include="..\Classes\TmxParser\TmxTile.h">
      <Filter>Classes\tmxParser</Filter>
    </ClInclude>
    <ClInclude Include="..\Classes\TmxParser\TmxTileset.h">
      <Filter>Classes\tmxParser</Filter>
    </ClInclude>
    <ClInclude Include="..\Classes\TmxParser\TmxUtil.h">
      <Filter>Classes\tmxParser</Filter>
    </ClInclude>
    <ClInclude Include="..\Classes\TmxParser\Tmx.h">
      <Filter>Classes\tmxParser</Filter>
    </ClInclude>
    <ClInclude Include="..\Classes\TmxParser\TmxEllipse.h">
      <Filter>Classes\tmxParser</Filter>
    </ClInclude>
    <ClInclude Include="..\Classes\TmxParser\TmxImage.h">
      <Filter>Classes\tmxParser</Filter>
    </ClInclude>
    <ClInclude Include="..\Classes\TmxParser\TmxImageLayer.h">
      <Filter>Classes\tmxParser</Filter>
    </ClInclude>
    <ClInclude Include="..\Classes\TmxParser\TmxLayer.h">
      <Filter>Classes\tmxParser</Filter>
    </ClInclude>
    <ClInclude Include="..\Classes\TmxParser\TmxMap.h">
      <Filter>Classes\tmxParser</Filter>
    </ClInclude>
    <ClInclude Include="..\Classes\TmxParser\TmxMapTile.h">
      <Filter>Classes\tmxParser</Filter>
    </ClInclude>
    <ClInclude Include="..\Classes\TmxParser\TmxObject.h">
      <Filter>Classes\tmxParser</Filter>
    </ClInclude>
    <ClInclude Include="..\Classes\TmxParser\TmxObjectGroup.h">
      <Filter>Classes\tmxParser</Filter>
    </ClInclude>
    <ClInclude Include="..\Classes\TmxParser\base64\base64.h">
      <Filter>Classes\tmxParser\base64</Filter>
    </ClInclude>
    <ClInclude Include="..\Classes\TmxParser\zlib\trees.h">
      <Filter>Classes\tmxParser\zlib</Filter>
    </ClInclude>
    <ClInclude Include="..\Classes\TmxParser\zlib\zconf.h">
      <Filter>Classes\tmxParser\zlib</Filter>
    </ClInclude>
    <ClInclude Include="..\Classes\TmxParser\zlib\zlib.h">
      <Filter>Classes\tmxParser\zlib</Filter>
    </ClInclude>
    <ClInclude Include="..\Classes\TmxParser\zlib\zutil.h">
      <Filter>Classes\tmxParser\zlib</Filter>
    </ClInclude>
    <ClInclude Include="..\Classes\TmxParser\zlib\crc32.h">
      <Filter>Classes\tmxParser\zlib</Filter>
    </ClInclude>
    <ClInclude Include="..\Classes\TmxParser\zlib\deflate.h">
      <Filter>Classes\tmxParser\zlib</Filter>
    </ClInclude>
    <ClInclude Include="..\Classes\TmxParser\zlib\gzguts.h">
      <Filter>Classes\tmxParser\zlib</Filter>
    </ClInclude>
    <ClInclude Include="..\Classes\TmxParser\zlib\inffast.h">
      <Filter>Classes\tmxParser\zlib</Filter>
    </ClInclude>
    <ClInclude Include="..\Classes\TmxParser\zlib\inffixed.h">
      <Filter>Classes\tmxParser\zlib</Filter>
    </ClInclude>
    <ClInclude Include="..\Classes\TmxParser\zlib\inflate.h">
      <Filter>Classes\tmxParser\zlib</Filter>
    </ClInclude>
    <ClInclude Include="..\Classes\TmxParser\zlib\inftrees.h">
      <Filter>Classes\tmxParser\zlib</Filter>
    </ClInclude>
    <ClInclude Include="..\Classes\TmxParser\tinyxml\tinyxml.h">
      <Filter>Classes\tmxParser\tinyxml</Filter>
    </ClInclude>
    <ClInclude Include="..\Classes\TmxParser\tinyxml\tinystr.h">
      <Filter>Classes\tmxParser\tinyxml</Filter>
    </ClInclude>
    <ClInclude Include="..\Classes\BoidsMath.h">
      <Filter>Classes</Filter>
    </ClInclude>
    <ClInclude Include="..\Classes\AI\NavMesh.h">
      <Filter>Classes\AI</Filter>
    </ClInclude>
    <ClInclude Include="..\Classes\Constants.h">
      <Filter>Classes</Filter>
    </ClInclude>
    <ClInclude Include="..\Classes\AI\BoidsPolygonEx.h">
      <Filter>Classes\AI</Filter>
    </ClInclude>
    <ClInclude Include="..\Classes\CycledList.h">
      <Filter>Classes</Filter>
    </ClInclude>
    <ClInclude Include="..\Classes\AI\BoostGeometryDef.h">
      <Filter>Classes\AI</Filter>
    </ClInclude>
    <ClInclude Include="..\Classes\Trace.h">
      <Filter>Classes</Filter>
    </ClInclude>
    <ClInclude Include="..\Classes\AI\Path.h">
      <Filter>Classes\AI</Filter>
    </ClInclude>
    <ClInclude Include="..\Classes\AI\Collidable.h">
      <Filter>Classes\AI</Filter>
    </ClInclude>
    <ClInclude Include="..\Classes\Editor\BEHeaders.h">
      <Filter>Classes\Editor</Filter>
    </ClInclude>
    <ClInclude Include="..\Classes\Editor\EditMode.h">
      <Filter>Classes\Editor</Filter>
    </ClInclude>
    <ClInclude Include="..\Classes\Editor\EditorHelper.h">
      <Filter>Classes\Editor</Filter>
    </ClInclude>
    <ClInclude Include="..\Classes\Editor\EditorModel.h">
      <Filter>Classes\Editor</Filter>
    </ClInclude>
    <ClInclude Include="..\Classes\Editor\EditorModelDefines.h">
      <Filter>Classes\Editor</Filter>
    </ClInclude>
    <ClInclude Include="..\Classes\Editor\EditorPositionNode.h">
      <Filter>Classes\Editor</Filter>
    </ClInclude>
    <ClInclude Include="..\Classes\Editor\UI\BEUI.h">
      <Filter>Classes\Editor\UI</Filter>
    </ClInclude>
    <ClInclude Include="..\Classes\Editor\UI\BEUIBase.h">
      <Filter>Classes\Editor\UI</Filter>
    </ClInclude>
    <ClInclude Include="resource.h">
      <Filter>Classes</Filter>
    </ClInclude>
    <ClInclude Include="..\Classes\MapData.h">
      <Filter>Classes</Filter>
    </ClInclude>
    <ClInclude Include="..\Classes\Editor\BETypes.h">
      <Filter>Classes\Editor</Filter>
    </ClInclude>
    <ClInclude Include="..\Classes\AI\GrassMonitor.h">
      <Filter>Classes\AI</Filter>
    </ClInclude>
    <ClInclude Include="..\Classes\AI\Border.h">
      <Filter>Classes\AI</Filter>
    </ClInclude>
    <ClInclude Include="..\Classes\Macro.h">
      <Filter>Classes</Filter>
    </ClInclude>
    <ClInclude Include="..\Classes\MapDebugger.h">
      <Filter>Classes</Filter>
    </ClInclude>
    <ClInclude Include="..\Classes\Counter.h">
      <Filter>Classes</Filter>
    </ClInclude>
    <ClInclude Include="..\Classes\Profile.h">
      <Filter>Classes</Filter>
    </ClInclude>
    <ClInclude Include="..\Classes\behavior\IdleBehavior.h">
      <Filter>Classes\behavior</Filter>
    </ClInclude>
    <ClInclude Include="..\Classes\behavior\MoveBehavior.h">
      <Filter>Classes\behavior</Filter>
    </ClInclude>
    <ClInclude Include="..\Classes\behavior\PlayerAttackBehavior.h">
      <Filter>Classes\behavior</Filter>
    </ClInclude>
    <ClInclude Include="..\Classes\behavior\PlayerMoveBehavior.h">
      <Filter>Classes\behavior</Filter>
    </ClInclude>
    <ClInclude Include="..\Classes\behavior\PlayerSkillBehavior.h">
      <Filter>Classes\behavior</Filter>
    </ClInclude>
    <ClInclude Include="..\Classes\behavior\SkillBehavior.h">
      <Filter>Classes\behavior</Filter>
    </ClInclude>
    <ClInclude Include="..\Classes\behavior\AttackBehavior.h">
      <Filter>Classes\behavior</Filter>
    </ClInclude>
    <ClInclude Include="..\Classes\behavior\BehaviorBase.h">
      <Filter>Classes\behavior</Filter>
    </ClInclude>
    <ClInclude Include="..\Classes\behavior\BehaviorHeader.h">
      <Filter>Classes\behavior</Filter>
    </ClInclude>
    <ClInclude Include="..\Classes\constant\BoidsConstant.h">
      <Filter>Classes\constant</Filter>
    </ClInclude>
    <ClInclude Include="..\Classes\data\DamageCalculate.h">
      <Filter>Classes\data</Filter>
    </ClInclude>
    <ClInclude Include="..\Classes\data\PlayerInfo.h">
      <Filter>Classes\data</Filter>
    </ClInclude>
    <ClInclude Include="..\Classes\interface\Updatable.h">
      <Filter>Classes\interface</Filter>
    </ClInclude>
    <ClInclude Include="..\Classes\logic\EventTrigger.h">
      <Filter>Classes\logic</Filter>
    </ClInclude>
    <ClInclude Include="..\Classes\logic\GameTask.h">
      <Filter>Classes\logic</Filter>
    </ClInclude>
    <ClInclude Include="..\Classes\logic\MapLogic.h">
      <Filter>Classes\logic</Filter>
    </ClInclude>
    <ClInclude Include="..\Classes\logic\Trigger.h">
      <Filter>Classes\logic</Filter>
    </ClInclude>
    <ClInclude Include="..\Classes\logic\EventAction.h">
      <Filter>Classes\logic</Filter>
    </ClInclude>
    <ClInclude Include="..\Classes\manager\ResourceManager.h">
      <Filter>Classes\manager</Filter>
    </ClInclude>
    <ClInclude Include="..\Classes\manager\SceneManager.h">
      <Filter>Classes\manager</Filter>
    </ClInclude>
    <ClInclude Include="..\Classes\manager\AudioManager.h">
      <Filter>Classes\manager</Filter>
    </ClInclude>
    <ClInclude Include="..\Classes\scene\UIBattleLayer.h">
      <Filter>Classes\scene</Filter>
    </ClInclude>
    <ClInclude Include="..\Classes\scene\UIBattleMenuLayer.h">
      <Filter>Classes\scene</Filter>
    </ClInclude>
    <ClInclude Include="..\Classes\scene\UIControlLayer.h">
      <Filter>Classes\scene</Filter>
    </ClInclude>
    <ClInclude Include="..\Classes\scene\UILevelChooseLayer.h">
      <Filter>Classes\scene</Filter>
    </ClInclude>
    <ClInclude Include="..\Classes\scene\BattleLayer.h">
      <Filter>Classes\scene</Filter>
    </ClInclude>
    <ClInclude Include="..\Classes\scene\SceneBase.h">
      <Filter>Classes\scene</Filter>
    </ClInclude>
    <ClInclude Include="..\Classes\scene\UIBattleFloatLayer.h">
      <Filter>Classes\scene</Filter>
    </ClInclude>
    <ClInclude Include="..\Classes\unit\BuildingNode.h">
      <Filter>Classes\unit</Filter>
    </ClInclude>
    <ClInclude Include="..\Classes\unit\BulletNode.h">
      <Filter>Classes\unit</Filter>
    </ClInclude>
    <ClInclude Include="..\Classes\unit\Equipment.h">
      <Filter>Classes\unit</Filter>
    </ClInclude>
    <ClInclude Include="..\Classes\unit\HpBar.h">
      <Filter>Classes\unit</Filter>
    </ClInclude>
    <ClInclude Include="..\Classes\unit\JumpText.h">
      <Filter>Classes\unit</Filter>
    </ClInclude>
    <ClInclude Include="..\Classes\unit\Skill.h">
      <Filter>Classes\unit</Filter>
    </ClInclude>
    <ClInclude Include="..\Classes\unit\TargetNode.h">
      <Filter>Classes\unit</Filter>
    </ClInclude>
    <ClInclude Include="..\Classes\unit\UnitNode.h">
      <Filter>Classes\unit</Filter>
    </ClInclude>
    <ClInclude Include="..\Classes\unit\UnitNodeComponent.h">
      <Filter>Classes\unit</Filter>
    </ClInclude>
    <ClInclude Include="..\Classes\unit\Buff.h">
      <Filter>Classes\unit</Filter>
    </ClInclude>
    <ClInclude Include="..\Classes\unit\skill\LightningChain.h">
      <Filter>Classes\unit\skill</Filter>
    </ClInclude>
    <ClInclude Include="..\Classes\unit\skill\LightShield.h">
      <Filter>Classes\unit\skill</Filter>
    </ClInclude>
    <ClInclude Include="..\Classes\unit\skill\SkillNode.h">
      <Filter>Classes\unit\skill</Filter>
    </ClInclude>
    <ClInclude Include="..\Classes\unit\skill\SkillNodeFactory.h">
      <Filter>Classes\unit\skill</Filter>
    </ClInclude>
    <ClInclude Include="..\Classes\unit\skill\WrathOfThunder.h">
      <Filter>Classes\unit\skill</Filter>
    </ClInclude>
    <ClInclude Include="..\Classes\unit\skill\BarrageOfArrow.h">
      <Filter>Classes\unit\skill</Filter>
    </ClInclude>
    <ClInclude Include="..\Classes\unit\skill\BatSwarm.h">
      <Filter>Classes\unit\skill</Filter>
    </ClInclude>
    <ClInclude Include="..\Classes\unit\skill\CrazyShoot.h">
      <Filter>Classes\unit\skill</Filter>
    </ClInclude>
    <ClInclude Include="..\Classes\unit\skill\DarkPierce.h">
      <Filter>Classes\unit\skill</Filter>
    </ClInclude>
    <ClInclude Include="..\Classes\unit\skill\GiantSword.h">
      <Filter>Classes\unit\skill</Filter>
    </ClInclude>
    <ClInclude Include="..\Classes\util\CommonUtils.h">
      <Filter>Classes\util</Filter>
    </ClInclude>
    <ClInclude Include="..\Classes\util\CocosUtils.h">
      <Filter>Classes\util</Filter>
    </ClInclude>
    <ClInclude Include="..\Classes\ini\ConvertUTF.h">
      <Filter>Classes\ini</Filter>
    </ClInclude>
    <ClInclude Include="..\Classes\ini\SimpleIni.h">
      <Filter>Classes\ini</Filter>
    </ClInclude>
    <ClInclude Include="..\Classes\Replay.h">
      <Filter>Classes</Filter>
    </ClInclude>
    <ClInclude Include="..\Classes\ReplayComparer.h">
      <Filter>Classes</Filter>
    </ClInclude>
    <ClInclude Include="..\Classes\CmdLineDebugger.h">
      <Filter>Classes</Filter>
    </ClInclude>
    <ClInclude Include="..\Classes\CmdLineDebuggerLua.h">
      <Filter>Classes</Filter>
    </ClInclude>
  </ItemGroup>
  <ItemGroup>
    <ClCompile Include="..\Classes\AppDelegate.cpp">
      <Filter>Classes</Filter>
    </ClCompile>
    <ClCompile Include="main.cpp">
      <Filter>win32</Filter>
    </ClCompile>
    <ClCompile Include="..\Classes\ArmatureManager.cpp">
      <Filter>Classes</Filter>
    </ClCompile>
    <ClCompile Include="..\Classes\Utils.cpp">
      <Filter>Classes</Filter>
    </ClCompile>
    <ClCompile Include="..\Classes\TmxParser\TmxPolygon.cpp">
      <Filter>Classes\tmxParser</Filter>
    </ClCompile>
    <ClCompile Include="..\Classes\TmxParser\TmxPolyline.cpp">
      <Filter>Classes\tmxParser</Filter>
    </ClCompile>
    <ClCompile Include="..\Classes\TmxParser\TmxPropertySet.cpp">
      <Filter>Classes\tmxParser</Filter>
    </ClCompile>
    <ClCompile Include="..\Classes\TmxParser\TmxTile.cpp">
      <Filter>Classes\tmxParser</Filter>
    </ClCompile>
    <ClCompile Include="..\Classes\TmxParser\TmxTileset.cpp">
      <Filter>Classes\tmxParser</Filter>
    </ClCompile>
    <ClCompile Include="..\Classes\TmxParser\TmxUtil.cpp">
      <Filter>Classes\tmxParser</Filter>
    </ClCompile>
    <ClCompile Include="..\Classes\TmxParser\TmxEllipse.cpp">
      <Filter>Classes\tmxParser</Filter>
    </ClCompile>
    <ClCompile Include="..\Classes\TmxParser\TmxImage.cpp">
      <Filter>Classes\tmxParser</Filter>
    </ClCompile>
    <ClCompile Include="..\Classes\TmxParser\TmxImageLayer.cpp">
      <Filter>Classes\tmxParser</Filter>
    </ClCompile>
    <ClCompile Include="..\Classes\TmxParser\TmxLayer.cpp">
      <Filter>Classes\tmxParser</Filter>
    </ClCompile>
    <ClCompile Include="..\Classes\TmxParser\TmxMap.cpp">
      <Filter>Classes\tmxParser</Filter>
    </ClCompile>
    <ClCompile Include="..\Classes\TmxParser\TmxObject.cpp">
      <Filter>Classes\tmxParser</Filter>
    </ClCompile>
    <ClCompile Include="..\Classes\TmxParser\TmxObjectGroup.cpp">
      <Filter>Classes\tmxParser</Filter>
    </ClCompile>
    <ClCompile Include="..\Classes\TmxParser\base64\base64.cpp">
      <Filter>Classes\tmxParser\base64</Filter>
    </ClCompile>
    <ClCompile Include="..\Classes\TmxParser\zlib\trees.c">
      <Filter>Classes\tmxParser\zlib</Filter>
    </ClCompile>
    <ClCompile Include="..\Classes\TmxParser\zlib\uncompr.c">
      <Filter>Classes\tmxParser\zlib</Filter>
    </ClCompile>
    <ClCompile Include="..\Classes\TmxParser\zlib\zutil.c">
      <Filter>Classes\tmxParser\zlib</Filter>
    </ClCompile>
    <ClCompile Include="..\Classes\TmxParser\zlib\adler32.c">
      <Filter>Classes\tmxParser\zlib</Filter>
    </ClCompile>
    <ClCompile Include="..\Classes\TmxParser\zlib\compress.c">
      <Filter>Classes\tmxParser\zlib</Filter>
    </ClCompile>
    <ClCompile Include="..\Classes\TmxParser\zlib\crc32.c">
      <Filter>Classes\tmxParser\zlib</Filter>
    </ClCompile>
    <ClCompile Include="..\Classes\TmxParser\zlib\deflate.c">
      <Filter>Classes\tmxParser\zlib</Filter>
    </ClCompile>
    <ClCompile Include="..\Classes\TmxParser\zlib\gzclose.c">
      <Filter>Classes\tmxParser\zlib</Filter>
    </ClCompile>
    <ClCompile Include="..\Classes\TmxParser\zlib\gzlib.c">
      <Filter>Classes\tmxParser\zlib</Filter>
    </ClCompile>
    <ClCompile Include="..\Classes\TmxParser\zlib\gzread.c">
      <Filter>Classes\tmxParser\zlib</Filter>
    </ClCompile>
    <ClCompile Include="..\Classes\TmxParser\zlib\gzwrite.c">
      <Filter>Classes\tmxParser\zlib</Filter>
    </ClCompile>
    <ClCompile Include="..\Classes\TmxParser\zlib\infback.c">
      <Filter>Classes\tmxParser\zlib</Filter>
    </ClCompile>
    <ClCompile Include="..\Classes\TmxParser\zlib\inffast.c">
      <Filter>Classes\tmxParser\zlib</Filter>
    </ClCompile>
    <ClCompile Include="..\Classes\TmxParser\zlib\inflate.c">
      <Filter>Classes\tmxParser\zlib</Filter>
    </ClCompile>
    <ClCompile Include="..\Classes\TmxParser\zlib\inftrees.c">
      <Filter>Classes\tmxParser\zlib</Filter>
    </ClCompile>
    <ClCompile Include="..\Classes\TmxParser\tinyxml\tinyxml.cpp">
      <Filter>Classes\tmxParser\tinyxml</Filter>
    </ClCompile>
    <ClCompile Include="..\Classes\TmxParser\tinyxml\tinyxmlerror.cpp">
      <Filter>Classes\tmxParser\tinyxml</Filter>
    </ClCompile>
    <ClCompile Include="..\Classes\TmxParser\tinyxml\tinyxmlparser.cpp">
      <Filter>Classes\tmxParser\tinyxml</Filter>
    </ClCompile>
    <ClCompile Include="..\Classes\TmxParser\tinyxml\tinystr.cpp">
      <Filter>Classes\tmxParser\tinyxml</Filter>
    </ClCompile>
    <ClCompile Include="..\Classes\AI\BoidsPolygon.cpp">
      <Filter>Classes\AI</Filter>
    </ClCompile>
    <ClCompile Include="..\Classes\BoidsMath.cpp">
      <Filter>Classes</Filter>
    </ClCompile>
    <ClCompile Include="..\Classes\AI\NavMesh.cpp">
      <Filter>Classes\AI</Filter>
    </ClCompile>
    <ClCompile Include="..\Classes\AI\BoidsPolygonEx.cpp">
      <Filter>Classes\AI</Filter>
    </ClCompile>
    <ClCompile Include="..\Classes\CycledList.cpp">
      <Filter>Classes</Filter>
    </ClCompile>
    <ClCompile Include="..\Classes\Trace.cpp">
      <Filter>Classes</Filter>
    </ClCompile>
    <ClCompile Include="..\Classes\AI\Path.cpp">
      <Filter>Classes\AI</Filter>
    </ClCompile>
    <ClCompile Include="..\Classes\AI\Collidable.cpp">
      <Filter>Classes\AI</Filter>
    </ClCompile>
    <ClCompile Include="..\Classes\Editor\EditMode.cpp">
      <Filter>Classes\Editor</Filter>
    </ClCompile>
    <ClCompile Include="..\Classes\Editor\EditorHelper.cpp">
      <Filter>Classes\Editor</Filter>
    </ClCompile>
    <ClCompile Include="..\Classes\Editor\EditorModel.cpp">
      <Filter>Classes\Editor</Filter>
    </ClCompile>
    <ClCompile Include="..\Classes\Editor\EditorPositionNode.cpp">
      <Filter>Classes\Editor</Filter>
    </ClCompile>
    <ClCompile Include="..\Classes\Editor\UI\BEUI.cpp">
      <Filter>Classes\Editor\UI</Filter>
    </ClCompile>
    <ClCompile Include="..\Classes\Editor\UI\BEUIBase.cpp">
      <Filter>Classes\Editor\UI</Filter>
    </ClCompile>
    <ClCompile Include="..\Classes\MapData.cpp">
      <Filter>Classes</Filter>
    </ClCompile>
    <ClCompile Include="..\Classes\Editor\BETypes.cpp">
      <Filter>Classes\Editor</Filter>
    </ClCompile>
    <ClCompile Include="..\Classes\AI\GrassMonitor.cpp">
      <Filter>Classes\AI</Filter>
    </ClCompile>
    <ClCompile Include="..\Classes\AI\Border.cpp">
      <Filter>Classes\AI</Filter>
    </ClCompile>
    <ClCompile Include="..\Classes\AI\Terrain.cpp">
      <Filter>Classes\AI</Filter>
    </ClCompile>
    <ClCompile Include="..\Classes\MapDebugger.cpp">
      <Filter>Classes</Filter>
    </ClCompile>
    <ClCompile Include="..\Classes\Counter.cpp">
      <Filter>Classes</Filter>
    </ClCompile>
    <ClCompile Include="..\Classes\Profile.cpp">
      <Filter>Classes</Filter>
    </ClCompile>
    <ClCompile Include="..\Classes\behavior\IdleBehavior.cpp">
      <Filter>Classes\behavior</Filter>
    </ClCompile>
    <ClCompile Include="..\Classes\behavior\MoveBehavior.cpp">
      <Filter>Classes\behavior</Filter>
    </ClCompile>
    <ClCompile Include="..\Classes\behavior\PlayerAttackBehavior.cpp">
      <Filter>Classes\behavior</Filter>
    </ClCompile>
    <ClCompile Include="..\Classes\behavior\PlayerMoveBehavior.cpp">
      <Filter>Classes\behavior</Filter>
    </ClCompile>
    <ClCompile Include="..\Classes\behavior\PlayerSkillBehavior.cpp">
      <Filter>Classes\behavior</Filter>
    </ClCompile>
    <ClCompile Include="..\Classes\behavior\SkillBehavior.cpp">
      <Filter>Classes\behavior</Filter>
    </ClCompile>
    <ClCompile Include="..\Classes\behavior\AttackBehavior.cpp">
      <Filter>Classes\behavior</Filter>
    </ClCompile>
    <ClCompile Include="..\Classes\behavior\BehaviorBase.cpp">
      <Filter>Classes\behavior</Filter>
    </ClCompile>
    <ClCompile Include="..\Classes\constant\BoidsConstant.cpp">
      <Filter>Classes\constant</Filter>
    </ClCompile>
    <ClCompile Include="..\Classes\data\PlayerInfo.cpp">
      <Filter>Classes\data</Filter>
    </ClCompile>
    <ClCompile Include="..\Classes\data\DamageCalculate.cpp">
      <Filter>Classes\data</Filter>
    </ClCompile>
    <ClCompile Include="..\Classes\interface\Updatable.cpp">
      <Filter>Classes\interface</Filter>
    </ClCompile>
    <ClCompile Include="..\Classes\logic\EventTrigger.cpp">
      <Filter>Classes\logic</Filter>
    </ClCompile>
    <ClCompile Include="..\Classes\logic\GameTask.cpp">
      <Filter>Classes\logic</Filter>
    </ClCompile>
    <ClCompile Include="..\Classes\logic\MapLogic.cpp">
      <Filter>Classes\logic</Filter>
    </ClCompile>
    <ClCompile Include="..\Classes\logic\Trigger.cpp">
      <Filter>Classes\logic</Filter>
    </ClCompile>
    <ClCompile Include="..\Classes\logic\EventAction.cpp">
      <Filter>Classes\logic</Filter>
    </ClCompile>
    <ClCompile Include="..\Classes\manager\ResourceManager.cpp">
      <Filter>Classes\manager</Filter>
    </ClCompile>
    <ClCompile Include="..\Classes\manager\SceneManager.cpp">
      <Filter>Classes\manager</Filter>
    </ClCompile>
    <ClCompile Include="..\Classes\manager\AudioManager.cpp">
      <Filter>Classes\manager</Filter>
    </ClCompile>
    <ClCompile Include="..\Classes\scene\UIBattleMenuLayer.cpp">
      <Filter>Classes\scene</Filter>
    </ClCompile>
    <ClCompile Include="..\Classes\scene\UIControlLayer.cpp">
      <Filter>Classes\scene</Filter>
    </ClCompile>
    <ClCompile Include="..\Classes\scene\UILevelChooseLayer.cpp">
      <Filter>Classes\scene</Filter>
    </ClCompile>
    <ClCompile Include="..\Classes\scene\BattleLayer.cpp">
      <Filter>Classes\scene</Filter>
    </ClCompile>
    <ClCompile Include="..\Classes\scene\SceneBase.cpp">
      <Filter>Classes\scene</Filter>
    </ClCompile>
    <ClCompile Include="..\Classes\scene\UIBattleFloatLayer.cpp">
      <Filter>Classes\scene</Filter>
    </ClCompile>
    <ClCompile Include="..\Classes\scene\UIBattleLayer.cpp">
      <Filter>Classes\scene</Filter>
    </ClCompile>
    <ClCompile Include="..\Classes\unit\BulletNode.cpp">
      <Filter>Classes\unit</Filter>
    </ClCompile>
    <ClCompile Include="..\Classes\unit\Equipment.cpp">
      <Filter>Classes\unit</Filter>
    </ClCompile>
    <ClCompile Include="..\Classes\unit\HpBar.cpp">
      <Filter>Classes\unit</Filter>
    </ClCompile>
    <ClCompile Include="..\Classes\unit\JumpText.cpp">
      <Filter>Classes\unit</Filter>
    </ClCompile>
    <ClCompile Include="..\Classes\unit\Skill.cpp">
      <Filter>Classes\unit</Filter>
    </ClCompile>
    <ClCompile Include="..\Classes\unit\TargetNode.cpp">
      <Filter>Classes\unit</Filter>
    </ClCompile>
    <ClCompile Include="..\Classes\unit\UnitNode.cpp">
      <Filter>Classes\unit</Filter>
    </ClCompile>
    <ClCompile Include="..\Classes\unit\UnitNodeComponent.cpp">
      <Filter>Classes\unit</Filter>
    </ClCompile>
    <ClCompile Include="..\Classes\unit\Buff.cpp">
      <Filter>Classes\unit</Filter>
    </ClCompile>
    <ClCompile Include="..\Classes\unit\BuildingNode.cpp">
      <Filter>Classes\unit</Filter>
    </ClCompile>
    <ClCompile Include="..\Classes\unit\skill\LightningChain.cpp">
      <Filter>Classes\unit\skill</Filter>
    </ClCompile>
    <ClCompile Include="..\Classes\unit\skill\LightShield.cpp">
      <Filter>Classes\unit\skill</Filter>
    </ClCompile>
    <ClCompile Include="..\Classes\unit\skill\SkillNode.cpp">
      <Filter>Classes\unit\skill</Filter>
    </ClCompile>
    <ClCompile Include="..\Classes\unit\skill\SkillNodeFactory.cpp">
      <Filter>Classes\unit\skill</Filter>
    </ClCompile>
    <ClCompile Include="..\Classes\unit\skill\WrathOfThunder.cpp">
      <Filter>Classes\unit\skill</Filter>
    </ClCompile>
    <ClCompile Include="..\Classes\unit\skill\BarrageOfArrow.cpp">
      <Filter>Classes\unit\skill</Filter>
    </ClCompile>
    <ClCompile Include="..\Classes\unit\skill\BatSwarm.cpp">
      <Filter>Classes\unit\skill</Filter>
    </ClCompile>
    <ClCompile Include="..\Classes\unit\skill\CrazyShoot.cpp">
      <Filter>Classes\unit\skill</Filter>
    </ClCompile>
    <ClCompile Include="..\Classes\unit\skill\DarkPierce.cpp">
      <Filter>Classes\unit\skill</Filter>
    </ClCompile>
    <ClCompile Include="..\Classes\unit\skill\GiantSword.cpp">
      <Filter>Classes\unit\skill</Filter>
    </ClCompile>
    <ClCompile Include="..\Classes\util\CommonUtils.cpp">
      <Filter>Classes\util</Filter>
    </ClCompile>
    <ClCompile Include="..\Classes\util\CocosUtils.cpp">
      <Filter>Classes\util</Filter>
    </ClCompile>
    <ClCompile Include="..\Classes\ReplayComparer.cpp">
      <Filter>Classes</Filter>
    </ClCompile>
    <ClCompile Include="..\Classes\Replay.cpp">
      <Filter>Classes</Filter>
    </ClCompile>
    <ClCompile Include="..\Classes\CmdLineDebuggerLua.cpp">
      <Filter>Classes</Filter>
    </ClCompile>
    <ClCompile Include="..\Classes\CmdLineDebugger.cpp">
      <Filter>Classes</Filter>
    </ClCompile>
  </ItemGroup>
  <ItemGroup>
    <ResourceCompile Include="game.rc">
      <Filter>resource</Filter>
    </ResourceCompile>
  </ItemGroup>
  <ItemGroup>
    <Image Include="res\game.ico" />
  </ItemGroup>
</Project>